# THIS IS AN AUTOGENERATED FILE. DO NOT EDIT THIS FILE DIRECTLY.
# yarn lockfile v1


"@stimulus/core@^0.9.0":
  version "0.9.0"
  resolved "https://registry.yarnpkg.com/@stimulus/core/-/core-0.9.0.tgz#b6a0e7836b6e88fe6ea0c2055cc10b47f3a2b2ee"
  dependencies:
    "@stimulus/mutation-observers" "^0.9.0"

"@stimulus/multimap@^0.9.0":
  version "0.9.0"
  resolved "https://registry.yarnpkg.com/@stimulus/multimap/-/multimap-0.9.0.tgz#ed63699b3efb273411c118a50955569b2565a6e8"

"@stimulus/mutation-observers@^0.9.0":
  version "0.9.0"
  resolved "https://registry.yarnpkg.com/@stimulus/mutation-observers/-/mutation-observers-0.9.0.tgz#f2249b660d9c3c8a4a43bc2c66dcb8b18d2c8f0c"
  dependencies:
    "@stimulus/multimap" "^0.9.0"

"@stimulus/webpack-helpers@^0.9.0":
  version "0.9.0"
  resolved "https://registry.yarnpkg.com/@stimulus/webpack-helpers/-/webpack-helpers-0.9.0.tgz#b655c233015bea0d02b66ec709ef15b4b0060a57"

stimulus@^0.9.0:
  version "0.9.0"
  resolved "https://registry.yarnpkg.com/stimulus/-/stimulus-0.9.0.tgz#4e9f994fdf6df261913221b149451d6ad1a54b30"
  dependencies:
    "@stimulus/core" "^0.9.0"
    "@stimulus/webpack-helpers" "^0.9.0"
